
Microsoft Visual Studio Solution File, Format Version 12.00
# Visual Studio Version 16
VisualStudioVersion = 16.0.31005.135
MinimumVisualStudioVersion = 10.0.40219.1
Project("{FAE04EC0-301F-11D3-BF4B-00C04F79EFBC}") = "ButtonCreation", "ButtonCreation.csproj", "{F9807494-7C7A-4E6F-B212-DC6E7934D338}"
EndProject
Global
	GlobalSection(SolutionConfigurationPlatforms) = preSolution
		Debug|Any CPU = Debug|Any CPU
		Release|Any CPU = Release|Any CPU
	EndGlobalSection
	GlobalSection(ProjectConfigurationPlatforms) = postSolution
		{F9807494-7C7A-4E6F-B212-DC6E7934D338}.Debug|Any CPU.ActiveCfg = Debug|Any CPU
		{F9807494-7C7A-4E6F-B212-DC6E7934D338}.Debug|Any CPU.Build.0 = Debug|Any CPU
		{F9807494-7C7A-4E6F-B212-DC6E7934D338}.Release|Any CPU.ActiveCfg = Release|Any CPU
		{F9807494-7C7A-4E6F-B212-DC6E7934D338}.Release|Any CPU.Build.0 = Release|Any CPU
	EndGlobalSection
	GlobalSection(SolutionProperties) = preSolution
		HideSolutionNode = FALSE
	EndGlobalSection
	GlobalSection(ExtensibilityGlobals) = postSolution
		SolutionGuid = {45170D6B-5D1B-47E1-BA3C-41DF9612BCD8}
	EndGlobalSection
EndGlobal
